
Microsoft Visual Studio Solution File, Format Version 12.00
# Visual Studio Version 17
VisualStudioVersion = 17.9.34310.174
MinimumVisualStudioVersion = 10.0.40219.1
Project("{9A19103F-16F7-4668-BE54-9A1E7A4F7556}") = "OpenTelemetryDemo.WebApi", "OpenTelemetryDemo.WebApi\OpenTelemetryDemo.WebApi.csproj", "{7B638421-6C25-43B0-AF44-0FD1ECF5FECC}"
EndProject
Project("{9A19103F-16F7-4668-BE54-9A1E7A4F7556}") = "OpenTelemetryDemo.WebApi.AppHost", "OpenTelemetryDemo.WebApi.AppHost\OpenTelemetryDemo.WebApi.AppHost.csproj", "{DEC7BD7E-7F33-4E45-91E6-D60D43E14A80}"
EndProject
Project("{9A19103F-16F7-4668-BE54-9A1E7A4F7556}") = "OpenTelemetryDemo.WebApi.ServiceDefaults", "OpenTelemetryDemo.WebApi.ServiceDefaults\OpenTelemetryDemo.WebApi.ServiceDefaults.csproj", "{ED94AFED-91F5-4579-AFBE-46A094FAEDE1}"
EndProject
Project("{FAE04EC0-301F-11D3-BF4B-00C04F79EFBC}") = "OpenTelemetryDemo.WeatherWorker", "OpenTelemetryDemo.WeatherWorker\OpenTelemetryDemo.WeatherWorker.csproj", "{47DFBC08-F560-49FE-A178-552584A3CD3E}"
EndProject
Project("{FAE04EC0-301F-11D3-BF4B-00C04F79EFBC}") = "OpenTelemetryDemo.Shared", "OpenTelemetryDemo.Shared\OpenTelemetryDemo.Shared.csproj", "{10644ADB-7043-4766-8C63-DDFDB6789888}"
EndProject
Global
	GlobalSection(SolutionConfigurationPlatforms) = preSolution
		Debug|Any CPU = Debug|Any CPU
		Release|Any CPU = Release|Any CPU
	EndGlobalSection
	GlobalSection(ProjectConfigurationPlatforms) = postSolution
		{7B638421-6C25-43B0-AF44-0FD1ECF5FECC}.Debug|Any CPU.ActiveCfg = Debug|Any CPU
		{7B638421-6C25-43B0-AF44-0FD1ECF5FECC}.Debug|Any CPU.Build.0 = Debug|Any CPU
		{7B638421-6C25-43B0-AF44-0FD1ECF5FECC}.Release|Any CPU.ActiveCfg = Release|Any CPU
		{7B638421-6C25-43B0-AF44-0FD1ECF5FECC}.Release|Any CPU.Build.0 = Release|Any CPU
		{DEC7BD7E-7F33-4E45-91E6-D60D43E14A80}.Debug|Any CPU.ActiveCfg = Debug|Any CPU
		{DEC7BD7E-7F33-4E45-91E6-D60D43E14A80}.Debug|Any CPU.Build.0 = Debug|Any CPU
		{DEC7BD7E-7F33-4E45-91E6-D60D43E14A80}.Release|Any CPU.ActiveCfg = Release|Any CPU
		{DEC7BD7E-7F33-4E45-91E6-D60D43E14A80}.Release|Any CPU.Build.0 = Release|Any CPU
		{ED94AFED-91F5-4579-AFBE-46A094FAEDE1}.Debug|Any CPU.ActiveCfg = Debug|Any CPU
		{ED94AFED-91F5-4579-AFBE-46A094FAEDE1}.Debug|Any CPU.Build.0 = Debug|Any CPU
		{ED94AFED-91F5-4579-AFBE-46A094FAEDE1}.Release|Any CPU.ActiveCfg = Release|Any CPU
		{ED94AFED-91F5-4579-AFBE-46A094FAEDE1}.Release|Any CPU.Build.0 = Release|Any CPU
		{47DFBC08-F560-49FE-A178-552584A3CD3E}.Debug|Any CPU.ActiveCfg = Debug|Any CPU
		{47DFBC08-F560-49FE-A178-552584A3CD3E}.Debug|Any CPU.Build.0 = Debug|Any CPU
		{47DFBC08-F560-49FE-A178-552584A3CD3E}.Release|Any CPU.ActiveCfg = Release|Any CPU
		{47DFBC08-F560-49FE-A178-552584A3CD3E}.Release|Any CPU.Build.0 = Release|Any CPU
		{10644ADB-7043-4766-8C63-DDFDB6789888}.Debug|Any CPU.ActiveCfg = Debug|Any CPU
		{10644ADB-7043-4766-8C63-DDFDB6789888}.Debug|Any CPU.Build.0 = Debug|Any CPU
		{10644ADB-7043-4766-8C63-DDFDB6789888}.Release|Any CPU.ActiveCfg = Release|Any CPU
		{10644ADB-7043-4766-8C63-DDFDB6789888}.Release|Any CPU.Build.0 = Release|Any CPU
	EndGlobalSection
	GlobalSection(SolutionProperties) = preSolution
		HideSolutionNode = FALSE
	EndGlobalSection
	GlobalSection(ExtensibilityGlobals) = postSolution
		SolutionGuid = {774A199D-44AF-45DC-A702-62A9E020A2FE}
	EndGlobalSection
EndGlobal
